
Microsoft Visual Studio Solution File, Format Version 12.00
# Visual Studio Version 16
VisualStudioVersion = 16.0.33214.272
MinimumVisualStudioVersion = 10.0.40219.1
Project("{FAE04EC0-301F-11D3-BF4B-00C04F79EFBC}") = "Mission04_kizyy", "Mission04_kizyy\Mission04_kizyy.csproj", "{ABA8EE27-5D32-4E46-93FD-A43C3BA6841F}"
EndProject
Global
	GlobalSection(SolutionConfigurationPlatforms) = preSolution
		Debug|Any CPU = Debug|Any CPU
		Release|Any CPU = Release|Any CPU
	EndGlobalSection
	GlobalSection(ProjectConfigurationPlatforms) = postSolution
		{ABA8EE27-5D32-4E46-93FD-A43C3BA6841F}.Debug|Any CPU.ActiveCfg = Debug|Any CPU
		{ABA8EE27-5D32-4E46-93FD-A43C3BA6841F}.Debug|Any CPU.Build.0 = Debug|Any CPU
		{ABA8EE27-5D32-4E46-93FD-A43C3BA6841F}.Release|Any CPU.ActiveCfg = Release|Any CPU
		{ABA8EE27-5D32-4E46-93FD-A43C3BA6841F}.Release|Any CPU.Build.0 = Release|Any CPU
	EndGlobalSection
	GlobalSection(SolutionProperties) = preSolution
		HideSolutionNode = FALSE
	EndGlobalSection
	GlobalSection(ExtensibilityGlobals) = postSolution
		SolutionGuid = {51A760CC-E473-43DB-8807-FE98FAD2F408}
	EndGlobalSection
EndGlobal
